
Microsoft Visual Studio Solution File, Format Version 12.00
# Visual Studio Version 17
VisualStudioVersion = 17.1.32210.238
MinimumVisualStudioVersion = 10.0.40219.1
Project("{FAE04EC0-301F-11D3-BF4B-00C04F79EFBC}") = "about_exception", "about_exception\about_exception.csproj", "{BB342A23-5830-45C3-B0D6-AF8DD4E7B4E5}"
EndProject
Global
	GlobalSection(SolutionConfigurationPlatforms) = preSolution
		Debug|Any CPU = Debug|Any CPU
		Release|Any CPU = Release|Any CPU
	EndGlobalSection
	GlobalSection(ProjectConfigurationPlatforms) = postSolution
		{BB342A23-5830-45C3-B0D6-AF8DD4E7B4E5}.Debug|Any CPU.ActiveCfg = Debug|Any CPU
		{BB342A23-5830-45C3-B0D6-AF8DD4E7B4E5}.Debug|Any CPU.Build.0 = Debug|Any CPU
		{BB342A23-5830-45C3-B0D6-AF8DD4E7B4E5}.Release|Any CPU.ActiveCfg = Release|Any CPU
		{BB342A23-5830-45C3-B0D6-AF8DD4E7B4E5}.Release|Any CPU.Build.0 = Release|Any CPU
	EndGlobalSection
	GlobalSection(SolutionProperties) = preSolution
		HideSolutionNode = FALSE
	EndGlobalSection
	GlobalSection(ExtensibilityGlobals) = postSolution
		SolutionGuid = {AFD7B39A-601A-4FDA-91FE-F89AA834D53E}
	EndGlobalSection
EndGlobal
